
Microsoft Visual Studio Solution File, Format Version 12.00
# Visual Studio 15
VisualStudioVersion = 15.0.26228.9
MinimumVisualStudioVersion = 10.0.40219.1
Project("{FAE04EC0-301F-11D3-BF4B-00C04F79EFBC}") = "MvcProject", "MvcProject\MvcProject.csproj", "{059F7EF8-5911-4F19-BFFE-19020960E45F}"
EndProject
Project("{FAE04EC0-301F-11D3-BF4B-00C04F79EFBC}") = "ApplicationService", "Re\ApplicationService.csproj", "{F58D1BF8-2133-4BBC-8543-5ACB9D0063FD}"
EndProject
Project("{FAE04EC0-301F-11D3-BF4B-00C04F79EFBC}") = "ApplicationInterface", "ApplicationInterface\ApplicationInterface.csproj", "{1AE32F5F-74C6-42EE-8674-A5A3B9AA8640}"
EndProject
Project("{2150E333-8FDC-42A3-9474-1A3956D46DE8}") = "UI", "UI", "{0588E8F0-8C4B-4CD5-82D9-D697D924EA7E}"
EndProject
Project("{2150E333-8FDC-42A3-9474-1A3956D46DE8}") = "BLL", "BLL", "{31CB5883-9889-4774-A85C-0E83137BDD8D}"
EndProject
Project("{2150E333-8FDC-42A3-9474-1A3956D46DE8}") = "DAL", "DAL", "{A0C68EE9-F483-4A44-B713-039E1F10DB01}"
EndProject
Project("{FAE04EC0-301F-11D3-BF4B-00C04F79EFBC}") = "Infrastructure", "Infrastructure\Infrastructure.csproj", "{21A7D3A5-33E2-483A-ACF1-2F6A950511FF}"
EndProject
Project("{FAE04EC0-301F-11D3-BF4B-00C04F79EFBC}") = "Repository", "Repository\Repository.csproj", "{47AD1BF7-EE5C-43C3-878B-D3605309502A}"
EndProject
Project("{2150E333-8FDC-42A3-9474-1A3956D46DE8}") = "Model", "Model", "{7AE38DB2-8817-4ECB-BF48-616AC7FD911F}"
EndProject
Project("{FAE04EC0-301F-11D3-BF4B-00C04F79EFBC}") = "Domain.Model", "Domain.Model\Domain.Model.csproj", "{3EA111DC-8820-4D38-9844-9B7CD2458D6C}"
EndProject
Global
	GlobalSection(SolutionConfigurationPlatforms) = preSolution
		Debug|Any CPU = Debug|Any CPU
		Release|Any CPU = Release|Any CPU
	EndGlobalSection
	GlobalSection(ProjectConfigurationPlatforms) = postSolution
		{059F7EF8-5911-4F19-BFFE-19020960E45F}.Debug|Any CPU.ActiveCfg = Debug|Any CPU
		{059F7EF8-5911-4F19-BFFE-19020960E45F}.Debug|Any CPU.Build.0 = Debug|Any CPU
		{059F7EF8-5911-4F19-BFFE-19020960E45F}.Release|Any CPU.ActiveCfg = Release|Any CPU
		{059F7EF8-5911-4F19-BFFE-19020960E45F}.Release|Any CPU.Build.0 = Release|Any CPU
		{F58D1BF8-2133-4BBC-8543-5ACB9D0063FD}.Debug|Any CPU.ActiveCfg = Debug|Any CPU
		{F58D1BF8-2133-4BBC-8543-5ACB9D0063FD}.Debug|Any CPU.Build.0 = Debug|Any CPU
		{F58D1BF8-2133-4BBC-8543-5ACB9D0063FD}.Release|Any CPU.ActiveCfg = Release|Any CPU
		{F58D1BF8-2133-4BBC-8543-5ACB9D0063FD}.Release|Any CPU.Build.0 = Release|Any CPU
		{1AE32F5F-74C6-42EE-8674-A5A3B9AA8640}.Debug|Any CPU.ActiveCfg = Debug|Any CPU
		{1AE32F5F-74C6-42EE-8674-A5A3B9AA8640}.Debug|Any CPU.Build.0 = Debug|Any CPU
		{1AE32F5F-74C6-42EE-8674-A5A3B9AA8640}.Release|Any CPU.ActiveCfg = Release|Any CPU
		{1AE32F5F-74C6-42EE-8674-A5A3B9AA8640}.Release|Any CPU.Build.0 = Release|Any CPU
		{21A7D3A5-33E2-483A-ACF1-2F6A950511FF}.Debug|Any CPU.ActiveCfg = Debug|Any CPU
		{21A7D3A5-33E2-483A-ACF1-2F6A950511FF}.Debug|Any CPU.Build.0 = Debug|Any CPU
		{21A7D3A5-33E2-483A-ACF1-2F6A950511FF}.Release|Any CPU.ActiveCfg = Release|Any CPU
		{21A7D3A5-33E2-483A-ACF1-2F6A950511FF}.Release|Any CPU.Build.0 = Release|Any CPU
		{47AD1BF7-EE5C-43C3-878B-D3605309502A}.Debug|Any CPU.ActiveCfg = Debug|Any CPU
		{47AD1BF7-EE5C-43C3-878B-D3605309502A}.Debug|Any CPU.Build.0 = Debug|Any CPU
		{47AD1BF7-EE5C-43C3-878B-D3605309502A}.Release|Any CPU.ActiveCfg = Release|Any CPU
		{47AD1BF7-EE5C-43C3-878B-D3605309502A}.Release|Any CPU.Build.0 = Release|Any CPU
		{3EA111DC-8820-4D38-9844-9B7CD2458D6C}.Debug|Any CPU.ActiveCfg = Debug|Any CPU
		{3EA111DC-8820-4D38-9844-9B7CD2458D6C}.Debug|Any CPU.Build.0 = Debug|Any CPU
		{3EA111DC-8820-4D38-9844-9B7CD2458D6C}.Release|Any CPU.ActiveCfg = Release|Any CPU
		{3EA111DC-8820-4D38-9844-9B7CD2458D6C}.Release|Any CPU.Build.0 = Release|Any CPU
	EndGlobalSection
	GlobalSection(SolutionProperties) = preSolution
		HideSolutionNode = FALSE
	EndGlobalSection
	GlobalSection(NestedProjects) = preSolution
		{059F7EF8-5911-4F19-BFFE-19020960E45F} = {0588E8F0-8C4B-4CD5-82D9-D697D924EA7E}
		{F58D1BF8-2133-4BBC-8543-5ACB9D0063FD} = {31CB5883-9889-4774-A85C-0E83137BDD8D}
		{1AE32F5F-74C6-42EE-8674-A5A3B9AA8640} = {31CB5883-9889-4774-A85C-0E83137BDD8D}
		{21A7D3A5-33E2-483A-ACF1-2F6A950511FF} = {A0C68EE9-F483-4A44-B713-039E1F10DB01}
		{47AD1BF7-EE5C-43C3-878B-D3605309502A} = {A0C68EE9-F483-4A44-B713-039E1F10DB01}
		{3EA111DC-8820-4D38-9844-9B7CD2458D6C} = {7AE38DB2-8817-4ECB-BF48-616AC7FD911F}
	EndGlobalSection
EndGlobal
